
Microsoft Visual Studio Solution File, Format Version 12.00
# Visual Studio Version 17
VisualStudioVersion = 17.11.35327.3
MinimumVisualStudioVersion = 10.0.40219.1
Project("{8BC9CEB8-8B4A-11D0-8D11-00A0C91BC942}") = "IlluminanceRGB", "IlluminanceRGB.vcxproj", "{8F214C69-9A1C-4EB3-8145-5D0EF30ACDA7}"
EndProject
Global
	GlobalSection(SolutionConfigurationPlatforms) = preSolution
		Debug|x64 = Debug|x64
		Debug|x86 = Debug|x86
		Release|x64 = Release|x64
		Release|x86 = Release|x86
	EndGlobalSection
	GlobalSection(ProjectConfigurationPlatforms) = postSolution
		{8F214C69-9A1C-4EB3-8145-5D0EF30ACDA7}.Debug|x64.ActiveCfg = Debug|x64
		{8F214C69-9A1C-4EB3-8145-5D0EF30ACDA7}.Debug|x64.Build.0 = Debug|x64
		{8F214C69-9A1C-4EB3-8145-5D0EF30ACDA7}.Debug|x86.ActiveCfg = Debug|Win32
		{8F214C69-9A1C-4EB3-8145-5D0EF30ACDA7}.Debug|x86.Build.0 = Debug|Win32
		{8F214C69-9A1C-4EB3-8145-5D0EF30ACDA7}.Release|x64.ActiveCfg = Release|x64
		{8F214C69-9A1C-4EB3-8145-5D0EF30ACDA7}.Release|x64.Build.0 = Release|x64
		{8F214C69-9A1C-4EB3-8145-5D0EF30ACDA7}.Release|x86.ActiveCfg = Release|Win32
		{8F214C69-9A1C-4EB3-8145-5D0EF30ACDA7}.Release|x86.Build.0 = Release|Win32
	EndGlobalSection
	GlobalSection(SolutionProperties) = preSolution
		HideSolutionNode = FALSE
	EndGlobalSection
	GlobalSection(ExtensibilityGlobals) = postSolution
		SolutionGuid = {998B79B4-9450-4894-B776-8AEE8D249AD9}
	EndGlobalSection
EndGlobal
